
Microsoft Visual Studio Solution File, Format Version 12.00
# Visual Studio Version 17
VisualStudioVersion = 17.9.34728.123
MinimumVisualStudioVersion = 10.0.40219.1
Project("{FAE04EC0-301F-11D3-BF4B-00C04F79EFBC}") = "hello world", "hello world.csproj", "{2375D215-CEC5-4BAE-8204-6F35140A26FB}"
EndProject
Global
	GlobalSection(SolutionConfigurationPlatforms) = preSolution
		Debug|Any CPU = Debug|Any CPU
		Release|Any CPU = Release|Any CPU
	EndGlobalSection
	GlobalSection(ProjectConfigurationPlatforms) = postSolution
		{2375D215-CEC5-4BAE-8204-6F35140A26FB}.Debug|Any CPU.ActiveCfg = Debug|Any CPU
		{2375D215-CEC5-4BAE-8204-6F35140A26FB}.Debug|Any CPU.Build.0 = Debug|Any CPU
		{2375D215-CEC5-4BAE-8204-6F35140A26FB}.Release|Any CPU.ActiveCfg = Release|Any CPU
		{2375D215-CEC5-4BAE-8204-6F35140A26FB}.Release|Any CPU.Build.0 = Release|Any CPU
	EndGlobalSection
	GlobalSection(SolutionProperties) = preSolution
		HideSolutionNode = FALSE
	EndGlobalSection
	GlobalSection(ExtensibilityGlobals) = postSolution
		SolutionGuid = {FA8A872D-537B-4B78-99A2-B22B464239FD}
	EndGlobalSection
EndGlobal
